// !$*UTF8*$!
{
	archiveVersion = 1;
	classes = {
	};
	objectVersion = 50;
	objects = {

/* Begin PBXBuildFile section */
		A03C634F2141B477004D12BF /* AppDelegate.swift in Sources */ = {isa = PBXBuildFile; fileRef = A03C634E2141B477004D12BF /* AppDelegate.swift */; };
		A03C63512141B477004D12BF /* ViewController.swift in Sources */ = {isa = PBXBuildFile; fileRef = A03C63502141B477004D12BF /* ViewController.swift */; };
		A03C63542141B477004D12BF /* Main.storyboard in Resources */ = {isa = PBXBuildFile; fileRef = A03C63522141B477004D12BF /* Main.storyboard */; };
		A03C63562141B478004D12BF /* Assets.xcassets in Resources */ = {isa = PBXBuildFile; fileRef = A03C63552141B478004D12BF /* Assets.xcassets */; };
		A03C63592141B478004D12BF /* LaunchScreen.storyboard in Resources */ = {isa = PBXBuildFile; fileRef = A03C63572141B478004D12BF /* LaunchScreen.storyboard */; };
		A03C63642141B478004D12BF /* TestArchitectureTests.swift in Sources */ = {isa = PBXBuildFile; fileRef = A03C63632141B478004D12BF /* TestArchitectureTests.swift */; };
		A03C636F2141B478004D12BF /* TestArchitectureUITests.swift in Sources */ = {isa = PBXBuildFile; fileRef = A03C636E2141B478004D12BF /* TestArchitectureUITests.swift */; };
		A03C637E2141B4D5004D12BF /* Interactor.swift in Sources */ = {isa = PBXBuildFile; fileRef = A03C637D2141B4D5004D12BF /* Interactor.swift */; };
		D47C3C48976EA7456CE5F7AF /* Pods_TestArchitecture.framework in Frameworks */ = {isa = PBXBuildFile; fileRef = 0F81A03CBD0A62974512B073 /* Pods_TestArchitecture.framework */; };
/* End PBXBuildFile section */

/* Begin PBXContainerItemProxy section */
		A03C63602141B478004D12BF /* PBXContainerItemProxy */ = {
			isa = PBXContainerItemProxy;
			containerPortal = A03C63432141B477004D12BF /* Project object */;
			proxyType = 1;
			remoteGlobalIDString = A03C634A2141B477004D12BF;
			remoteInfo = TestArchitecture;
		};
		A03C636B2141B478004D12BF /* PBXContainerItemProxy */ = {
			isa = PBXContainerItemProxy;
			containerPortal = A03C63432141B477004D12BF /* Project object */;
			proxyType = 1;
			remoteGlobalIDString = A03C634A2141B477004D12BF;
			remoteInfo = TestArchitecture;
		};
/* End PBXContainerItemProxy section */

/* Begin PBXFileReference section */
		0F81A03CBD0A62974512B073 /* Pods_TestArchitecture.framework */ = {isa = PBXFileReference; explicitFileType = wrapper.framework; includeInIndex = 0; path = Pods_TestArchitecture.framework; sourceTree = BUILT_PRODUCTS_DIR; };
		726CE02A3CC620C708DBD0E6 /* Pods-TestArchitecture.debug.xcconfig */ = {isa = PBXFileReference; includeInIndex = 1; lastKnownFileType = text.xcconfig; name = "Pods-TestArchitecture.debug.xcconfig"; path = "Pods/Target Support Files/Pods-TestArchitecture/Pods-TestArchitecture.debug.xcconfig"; sourceTree = "<group>"; };
		A03C634B2141B477004D12BF /* TestArchitecture.app */ = {isa = PBXFileReference; explicitFileType = wrapper.application; includeInIndex = 0; path = TestArchitecture.app; sourceTree = BUILT_PRODUCTS_DIR; };
		A03C634E2141B477004D12BF /* AppDelegate.swift */ = {isa = PBXFileReference; lastKnownFileType = sourcecode.swift; path = AppDelegate.swift; sourceTree = "<group>"; };
		A03C63502141B477004D12BF /* ViewController.swift */ = {isa = PBXFileReference; lastKnownFileType = sourcecode.swift; path = ViewController.swift; sourceTree = "<group>"; };
		A03C63532141B477004D12BF /* Base */ = {isa = PBXFileReference; lastKnownFileType = file.storyboard; name = Base; path = Base.lproj/Main.storyboard; sourceTree = "<group>"; };
		A03C63552141B478004D12BF /* Assets.xcassets */ = {isa = PBXFileReference; lastKnownFileType = folder.assetcatalog; path = Assets.xcassets; sourceTree = "<group>"; };
		A03C63582141B478004D12BF /* Base */ = {isa = PBXFileReference; lastKnownFileType = file.storyboard; name = Base; path = Base.lproj/LaunchScreen.storyboard; sourceTree = "<group>"; };
		A03C635A2141B478004D12BF /* Info.plist */ = {isa = PBXFileReference; lastKnownFileType = text.plist.xml; path = Info.plist; sourceTree = "<group>"; };
		A03C635F2141B478004D12BF /* TestArchitectureTests.xctest */ = {isa = PBXFileReference; explicitFileType = wrapper.cfbundle; includeInIndex = 0; path = TestArchitectureTests.xctest; sourceTree = BUILT_PRODUCTS_DIR; };
		A03C63632141B478004D12BF /* TestArchitectureTests.swift */ = {isa = PBXFileReference; lastKnownFileType = sourcecode.swift; path = TestArchitectureTests.swift; sourceTree = "<group>"; };
		A03C63652141B478004D12BF /* Info.plist */ = {isa = PBXFileReference; lastKnownFileType = text.plist.xml; path = Info.plist; sourceTree = "<group>"; };
		A03C636A2141B478004D12BF /* TestArchitectureUITests.xctest */ = {isa = PBXFileReference; explicitFileType = wrapper.cfbundle; includeInIndex = 0; path = TestArchitectureUITests.xctest; sourceTree = BUILT_PRODUCTS_DIR; };
		A03C636E2141B478004D12BF /* TestArchitectureUITests.swift */ = {isa = PBXFileReference; lastKnownFileType = sourcecode.swift; path = TestArchitectureUITests.swift; sourceTree = "<group>"; };
		A03C63702141B478004D12BF /* Info.plist */ = {isa = PBXFileReference; lastKnownFileType = text.plist.xml; path = Info.plist; sourceTree = "<group>"; };
		A03C637D2141B4D5004D12BF /* Interactor.swift */ = {isa = PBXFileReference; lastKnownFileType = sourcecode.swift; path = Interactor.swift; sourceTree = "<group>"; };
		DFC01E879978087628A534AA /* Pods-TestArchitecture.release.xcconfig */ = {isa = PBXFileReference; includeInIndex = 1; lastKnownFileType = text.xcconfig; name = "Pods-TestArchitecture.release.xcconfig"; path = "Pods/Target Support Files/Pods-TestArchitecture/Pods-TestArchitecture.release.xcconfig"; sourceTree = "<group>"; };
/* End PBXFileReference section */

/* Begin PBXFrameworksBuildPhase section */
		A03C63482141B477004D12BF /* Frameworks */ = {
			isa = PBXFrameworksBuildPhase;
			buildActionMask = 2147483647;
			files = (
				D47C3C48976EA7456CE5F7AF /* Pods_TestArchitecture.framework in Frameworks */,
			);
			runOnlyForDeploymentPostprocessing = 0;
		};
		A03C635C2141B478004D12BF /* Frameworks */ = {
			isa = PBXFrameworksBuildPhase;
			buildActionMask = 2147483647;
			files = (
			);
			runOnlyForDeploymentPostprocessing = 0;
		};
		A03C63672141B478004D12BF /* Frameworks */ = {
			isa = PBXFrameworksBuildPhase;
			buildActionMask = 2147483647;
			files = (
			);
			runOnlyForDeploymentPostprocessing = 0;
		};
/* End PBXFrameworksBuildPhase section */

/* Begin PBXGroup section */
		4383FDBB3B1C250F44CF4444 /* Pods */ = {
			isa = PBXGroup;
			children = (
				726CE02A3CC620C708DBD0E6 /* Pods-TestArchitecture.debug.xcconfig */,
				DFC01E879978087628A534AA /* Pods-TestArchitecture.release.xcconfig */,
			);
			name = Pods;
			sourceTree = "<group>";
		};
		54BE133F911F33BC189194B4 /* Frameworks */ = {
			isa = PBXGroup;
			children = (
				0F81A03CBD0A62974512B073 /* Pods_TestArchitecture.framework */,
			);
			name = Frameworks;
			sourceTree = "<group>";
		};
		A03C63422141B477004D12BF = {
			isa = PBXGroup;
			children = (
				A03C634D2141B477004D12BF /* TestArchitecture */,
				A03C63622141B478004D12BF /* TestArchitectureTests */,
				A03C636D2141B478004D12BF /* TestArchitectureUITests */,
				A03C634C2141B477004D12BF /* Products */,
				4383FDBB3B1C250F44CF4444 /* Pods */,
				54BE133F911F33BC189194B4 /* Frameworks */,
			);
			sourceTree = "<group>";
		};
		A03C634C2141B477004D12BF /* Products */ = {
			isa = PBXGroup;
			children = (
				A03C634B2141B477004D12BF /* TestArchitecture.app */,
				A03C635F2141B478004D12BF /* TestArchitectureTests.xctest */,
				A03C636A2141B478004D12BF /* TestArchitectureUITests.xctest */,
			);
			name = Products;
			sourceTree = "<group>";
		};
		A03C634D2141B477004D12BF /* TestArchitecture */ = {
			isa = PBXGroup;
			children = (
				A03C637C2141B4C7004D12BF /* Interactors */,
				A03C634E2141B477004D12BF /* AppDelegate.swift */,
				A03C63502141B477004D12BF /* ViewController.swift */,
				A03C63522141B477004D12BF /* Main.storyboard */,
				A03C63552141B478004D12BF /* Assets.xcassets */,
				A03C63572141B478004D12BF /* LaunchScreen.storyboard */,
				A03C635A2141B478004D12BF /* Info.plist */,
			);
			path = TestArchitecture;
			sourceTree = "<group>";
		};
		A03C63622141B478004D12BF /* TestArchitectureTests */ = {
			isa = PBXGroup;
			children = (
				A03C63632141B478004D12BF /* TestArchitectureTests.swift */,
				A03C63652141B478004D12BF /* Info.plist */,
			);
			path = TestArchitectureTests;
			sourceTree = "<group>";
		};
		A03C636D2141B478004D12BF /* TestArchitectureUITests */ = {
			isa = PBXGroup;
			children = (
				A03C636E2141B478004D12BF /* TestArchitectureUITests.swift */,
				A03C63702141B478004D12BF /* Info.plist */,
			);
			path = TestArchitectureUITests;
			sourceTree = "<group>";
		};
		A03C637C2141B4C7004D12BF /* Interactors */ = {
			isa = PBXGroup;
			children = (
				A03C637D2141B4D5004D12BF /* Interactor.swift */,
			);
			path = Interactors;
			sourceTree = "<group>";
		};
/* End PBXGroup section */

/* Begin PBXNativeTarget section */
		A03C634A2141B477004D12BF /* TestArchitecture */ = {
			isa = PBXNativeTarget;
			buildConfigurationList = A03C63732141B478004D12BF /* Build configuration list for PBXNativeTarget "TestArchitecture" */;
			buildPhases = (
				B5CCA2F7A691184EC5C8FFD4 /* [CP] Check Pods Manifest.lock */,
				A03C63472141B477004D12BF /* Sources */,
				A03C63482141B477004D12BF /* Frameworks */,
				A03C63492141B477004D12BF /* Resources */,
				6296AAC079E60C605FEE32FC /* [CP] Embed Pods Frameworks */,
			);
			buildRules = (
			);
			dependencies = (
			);
			name = TestArchitecture;
			productName = TestArchitecture;
			productReference = A03C634B2141B477004D12BF /* TestArchitecture.app */;
			productType = "com.apple.product-type.application";
		};
		A03C635E2141B478004D12BF /* TestArchitectureTests */ = {
			isa = PBXNativeTarget;
			buildConfigurationList = A03C63762141B478004D12BF /* Build configuration list for PBXNativeTarget "TestArchitectureTests" */;
			buildPhases = (
				A03C635B2141B478004D12BF /* Sources */,
				A03C635C2141B478004D12BF /* Frameworks */,
				A03C635D2141B478004D12BF /* Resources */,
			);
			buildRules = (
			);
			dependencies = (
				A03C63612141B478004D12BF /* PBXTargetDependency */,
			);
			name = TestArchitectureTests;
			productName = TestArchitectureTests;
			productReference = A03C635F2141B478004D12BF /* TestArchitectureTests.xctest */;
			productType = "com.apple.product-type.bundle.unit-test";
		};
		A03C63692141B478004D12BF /* TestArchitectureUITests */ = {
			isa = PBXNativeTarget;
			buildConfigurationList = A03C63792141B478004D12BF /* Build configuration list for PBXNativeTarget "TestArchitectureUITests" */;
			buildPhases = (
				A03C63662141B478004D12BF /* Sources */,
				A03C63672141B478004D12BF /* Frameworks */,
				A03C63682141B478004D12BF /* Resources */,
			);
			buildRules = (
			);
			dependencies = (
				A03C636C2141B478004D12BF /* PBXTargetDependency */,
			);
			name = TestArchitectureUITests;
			productName = TestArchitectureUITests;
			productReference = A03C636A2141B478004D12BF /* TestArchitectureUITests.xctest */;
			productType = "com.apple.product-type.bundle.ui-testing";
		};
/* End PBXNativeTarget section */

/* Begin PBXProject section */
		A03C63432141B477004D12BF /* Project object */ = {
			isa = PBXProject;
			attributes = {
				LastSwiftUpdateCheck = 0940;
				LastUpgradeCheck = 0940;
				ORGANIZATIONNAME = "Luis Goyes";
				TargetAttributes = {
					A03C634A2141B477004D12BF = {
						CreatedOnToolsVersion = 9.4.1;
					};
					A03C635E2141B478004D12BF = {
						CreatedOnToolsVersion = 9.4.1;
						TestTargetID = A03C634A2141B477004D12BF;
					};
					A03C63692141B478004D12BF = {
						CreatedOnToolsVersion = 9.4.1;
						TestTargetID = A03C634A2141B477004D12BF;
					};
				};
			};
			buildConfigurationList = A03C63462141B477004D12BF /* Build configuration list for PBXProject "TestArchitecture" */;
			compatibilityVersion = "Xcode 9.3";
			developmentRegion = en;
			hasScannedForEncodings = 0;
			knownRegions = (
				en,
				Base,
			);
			mainGroup = A03C63422141B477004D12BF;
			productRefGroup = A03C634C2141B477004D12BF /* Products */;
			projectDirPath = "";
			projectRoot = "";
			targets = (
				A03C634A2141B477004D12BF /* TestArchitecture */,
				A03C635E2141B478004D12BF /* TestArchitectureTests */,
				A03C63692141B478004D12BF /* TestArchitectureUITests */,
			);
		};
/* End PBXProject section */

/* Begin PBXResourcesBuildPhase section */
		A03C63492141B477004D12BF /* Resources */ = {
			isa = PBXResourcesBuildPhase;
			buildActionMask = 2147483647;
			files = (
				A03C63592141B478004D12BF /* LaunchScreen.storyboard in Resources */,
				A03C63562141B478004D12BF /* Assets.xcassets in Resources */,
				A03C63542141B477004D12BF /* Main.storyboard in Resources */,
			);
			runOnlyForDeploymentPostprocessing = 0;
		};
		A03C635D2141B478004D12BF /* Resources */ = {
			isa = PBXResourcesBuildPhase;
			buildActionMask = 2147483647;
			files = (
			);
			runOnlyForDeploymentPostprocessing = 0;
		};
		A03C63682141B478004D12BF /* Resources */ = {
			isa = PBXResourcesBuildPhase;
			buildActionMask = 2147483647;
			files = (
			);
			runOnlyForDeploymentPostprocessing = 0;
		};
/* End PBXResourcesBuildPhase section */

/* Begin PBXShellScriptBuildPhase section */
		6296AAC079E60C605FEE32FC /* [CP] Embed Pods Frameworks */ = {
			isa = PBXShellScriptBuildPhase;
			buildActionMask = 2147483647;
			files = (
			);
			inputFileListPaths = (
			);
			inputPaths = (
				"${SRCROOT}/Pods/Target Support Files/Pods-TestArchitecture/Pods-TestArchitecture-frameworks.sh",
				"${BUILT_PRODUCTS_DIR}/Alamofire/Alamofire.framework",
				"${BUILT_PRODUCTS_DIR}/DLRadioButton/DLRadioButton.framework",
				"${BUILT_PRODUCTS_DIR}/Differentiator/Differentiator.framework",
				"${BUILT_PRODUCTS_DIR}/DropDown/DropDown.framework",
				"${BUILT_PRODUCTS_DIR}/GoogleUtilities/GoogleUtilities.framework",
				"${BUILT_PRODUCTS_DIR}/KeychainAccess/KeychainAccess.framework",
				"${BUILT_PRODUCTS_DIR}/ModelMapper/Mapper.framework",
				"${BUILT_PRODUCTS_DIR}/Moya/Moya.framework",
				"${BUILT_PRODUCTS_DIR}/ObjectMapper/ObjectMapper.framework",
				"${BUILT_PRODUCTS_DIR}/ObjectMapper+Realm/ObjectMapper_Realm.framework",
				"${BUILT_PRODUCTS_DIR}/Protobuf/Protobuf.framework",
				"${BUILT_PRODUCTS_DIR}/Realm/Realm.framework",
				"${BUILT_PRODUCTS_DIR}/RealmSwift/RealmSwift.framework",
				"${BUILT_PRODUCTS_DIR}/Result/Result.framework",
				"${BUILT_PRODUCTS_DIR}/RxCocoa/RxCocoa.framework",
				"${BUILT_PRODUCTS_DIR}/RxDataSources/RxDataSources.framework",
				"${BUILT_PRODUCTS_DIR}/RxOptional/RxOptional.framework",
				"${BUILT_PRODUCTS_DIR}/RxRealm/RxRealm.framework",
				"${BUILT_PRODUCTS_DIR}/RxSwift/RxSwift.framework",
				"${BUILT_PRODUCTS_DIR}/SVProgressHUD/SVProgressHUD.framework",
				"${BUILT_PRODUCTS_DIR}/nanopb/nanopb.framework",
			);
			name = "[CP] Embed Pods Frameworks";
			outputFileListPaths = (
			);
			outputPaths = (
				"${TARGET_BUILD_DIR}/${FRAMEWORKS_FOLDER_PATH}/Alamofire.framework",
				"${TARGET_BUILD_DIR}/${FRAMEWORKS_FOLDER_PATH}/DLRadioButton.framework",
				"${TARGET_BUILD_DIR}/${FRAMEWORKS_FOLDER_PATH}/Differentiator.framework",
				"${TARGET_BUILD_DIR}/${FRAMEWORKS_FOLDER_PATH}/DropDown.framework",
				"${TARGET_BUILD_DIR}/${FRAMEWORKS_FOLDER_PATH}/GoogleUtilities.framework",
				"${TARGET_BUILD_DIR}/${FRAMEWORKS_FOLDER_PATH}/KeychainAccess.framework",
				"${TARGET_BUILD_DIR}/${FRAMEWORKS_FOLDER_PATH}/Mapper.framework",
				"${TARGET_BUILD_DIR}/${FRAMEWORKS_FOLDER_PATH}/Moya.framework",
				"${TARGET_BUILD_DIR}/${FRAMEWORKS_FOLDER_PATH}/ObjectMapper.framework",
				"${TARGET_BUILD_DIR}/${FRAMEWORKS_FOLDER_PATH}/ObjectMapper_Realm.framework",
				"${TARGET_BUILD_DIR}/${FRAMEWORKS_FOLDER_PATH}/Protobuf.framework",
				"${TARGET_BUILD_DIR}/${FRAMEWORKS_FOLDER_PATH}/Realm.framework",
				"${TARGET_BUILD_DIR}/${FRAMEWORKS_FOLDER_PATH}/RealmSwift.framework",
				"${TARGET_BUILD_DIR}/${FRAMEWORKS_FOLDER_PATH}/Result.framework",
				"${TARGET_BUILD_DIR}/${FRAMEWORKS_FOLDER_PATH}/RxCocoa.framework",
				"${TARGET_BUILD_DIR}/${FRAMEWORKS_FOLDER_PATH}/RxDataSources.framework",
				"${TARGET_BUILD_DIR}/${FRAMEWORKS_FOLDER_PATH}/RxOptional.framework",
				"${TARGET_BUILD_DIR}/${FRAMEWORKS_FOLDER_PATH}/RxRealm.framework",
				"${TARGET_BUILD_DIR}/${FRAMEWORKS_FOLDER_PATH}/RxSwift.framework",
				"${TARGET_BUILD_DIR}/${FRAMEWORKS_FOLDER_PATH}/SVProgressHUD.framework",
				"${TARGET_BUILD_DIR}/${FRAMEWORKS_FOLDER_PATH}/nanopb.framework",
			);
			runOnlyForDeploymentPostprocessing = 0;
			shellPath = /bin/sh;
			shellScript = "\"${SRCROOT}/Pods/Target Support Files/Pods-TestArchitecture/Pods-TestArchitecture-frameworks.sh\"\n";
			showEnvVarsInLog = 0;
		};
		B5CCA2F7A691184EC5C8FFD4 /* [CP] Check Pods Manifest.lock */ = {
			isa = PBXShellScriptBuildPhase;
			buildActionMask = 2147483647;
			files = (
			);
			inputFileListPaths = (
			);
			inputPaths = (
				"${PODS_PODFILE_DIR_PATH}/Podfile.lock",
				"${PODS_ROOT}/Manifest.lock",
			);
			name = "[CP] Check Pods Manifest.lock";
			outputFileListPaths = (
			);
			outputPaths = (
				"$(DERIVED_FILE_DIR)/Pods-TestArchitecture-checkManifestLockResult.txt",
			);
			runOnlyForDeploymentPostprocessing = 0;
			shellPath = /bin/sh;
			shellScript = "diff \"${PODS_PODFILE_DIR_PATH}/Podfile.lock\" \"${PODS_ROOT}/Manifest.lock\" > /dev/null\nif [ $? != 0 ] ; then\n    # print error to STDERR\n    echo \"error: The sandbox is not in sync with the Podfile.lock. Run 'pod install' or update your CocoaPods installation.\" >&2\n    exit 1\nfi\n# This output is used by Xcode 'outputs' to avoid re-running this script phase.\necho \"SUCCESS\" > \"${SCRIPT_OUTPUT_FILE_0}\"\n";
			showEnvVarsInLog = 0;
		};
/* End PBXShellScriptBuildPhase section */

/* Begin PBXSourcesBuildPhase section */
		A03C63472141B477004D12BF /* Sources */ = {
			isa = PBXSourcesBuildPhase;
			buildActionMask = 2147483647;
			files = (
				A03C637E2141B4D5004D12BF /* Interactor.swift in Sources */,
				A03C63512141B477004D12BF /* ViewController.swift in Sources */,
				A03C634F2141B477004D12BF /* AppDelegate.swift in Sources */,
			);
			runOnlyForDeploymentPostprocessing = 0;
		};
		A03C635B2141B478004D12BF /* Sources */ = {
			isa = PBXSourcesBuildPhase;
			buildActionMask = 2147483647;
			files = (
				A03C63642141B478004D12BF /* TestArchitectureTests.swift in Sources */,
			);
			runOnlyForDeploymentPostprocessing = 0;
		};
		A03C63662141B478004D12BF /* Sources */ = {
			isa = PBXSourcesBuildPhase;
			buildActionMask = 2147483647;
			files = (
				A03C636F2141B478004D12BF /* TestArchitectureUITests.swift in Sources */,
			);
			runOnlyForDeploymentPostprocessing = 0;
		};
/* End PBXSourcesBuildPhase section */

/* Begin PBXTargetDependency section */
		A03C63612141B478004D12BF /* PBXTargetDependency */ = {
			isa = PBXTargetDependency;
			target = A03C634A2141B477004D12BF /* TestArchitecture */;
			targetProxy = A03C63602141B478004D12BF /* PBXContainerItemProxy */;
		};
		A03C636C2141B478004D12BF /* PBXTargetDependency */ = {
			isa = PBXTargetDependency;
			target = A03C634A2141B477004D12BF /* TestArchitecture */;
			targetProxy = A03C636B2141B478004D12BF /* PBXContainerItemProxy */;
		};
/* End PBXTargetDependency section */

/* Begin PBXVariantGroup section */
		A03C63522141B477004D12BF /* Main.storyboard */ = {
			isa = PBXVariantGroup;
			children = (
				A03C63532141B477004D12BF /* Base */,
			);
			name = Main.storyboard;
			sourceTree = "<group>";
		};
		A03C63572141B478004D12BF /* LaunchScreen.storyboard */ = {
			isa = PBXVariantGroup;
			children = (
				A03C63582141B478004D12BF /* Base */,
			);
			name = LaunchScreen.storyboard;
			sourceTree = "<group>";
		};
/* End PBXVariantGroup section */

/* Begin XCBuildConfiguration section */
		A03C63712141B478004D12BF /* Debug */ = {
			isa = XCBuildConfiguration;
			buildSettings = {
				ALWAYS_SEARCH_USER_PATHS = NO;
				CLANG_ANALYZER_NONNULL = YES;
				CLANG_ANALYZER_NUMBER_OBJECT_CONVERSION = YES_AGGRESSIVE;
				CLANG_CXX_LANGUAGE_STANDARD = "gnu++14";
				CLANG_CXX_LIBRARY = "libc++";
				CLANG_ENABLE_MODULES = YES;
				CLANG_ENABLE_OBJC_ARC = YES;
				CLANG_ENABLE_OBJC_WEAK = YES;
				CLANG_WARN_BLOCK_CAPTURE_AUTORELEASING = YES;
				CLANG_WARN_BOOL_CONVERSION = YES;
				CLANG_WARN_COMMA = YES;
				CLANG_WARN_CONSTANT_CONVERSION = YES;
				CLANG_WARN_DEPRECATED_OBJC_IMPLEMENTATIONS = YES;
				CLANG_WARN_DIRECT_OBJC_ISA_USAGE = YES_ERROR;
				CLANG_WARN_DOCUMENTATION_COMMENTS = YES;
				CLANG_WARN_EMPTY_BODY = YES;
				CLANG_WARN_ENUM_CONVERSION = YES;
				CLANG_WARN_INFINITE_RECURSION = YES;
				CLANG_WARN_INT_CONVERSION = YES;
				CLANG_WARN_NON_LITERAL_NULL_CONVERSION = YES;
				CLANG_WARN_OBJC_IMPLICIT_RETAIN_SELF = YES;
				CLANG_WARN_OBJC_LITERAL_CONVERSION = YES;
				CLANG_WARN_OBJC_ROOT_CLASS = YES_ERROR;
				CLANG_WARN_RANGE_LOOP_ANALYSIS = YES;
				CLANG_WARN_STRICT_PROTOTYPES = YES;
				CLANG_WARN_SUSPICIOUS_MOVE = YES;
				CLANG_WARN_UNGUARDED_AVAILABILITY = YES_AGGRESSIVE;
				CLANG_WARN_UNREACHABLE_CODE = YES;
				CLANG_WARN__DUPLICATE_METHOD_MATCH = YES;
				CODE_SIGN_IDENTITY = "iPhone Developer";
				COPY_PHASE_STRIP = NO;
				DEBUG_INFORMATION_FORMAT = dwarf;
				ENABLE_STRICT_OBJC_MSGSEND = YES;
				ENABLE_TESTABILITY = YES;
				GCC_C_LANGUAGE_STANDARD = gnu11;
				GCC_DYNAMIC_NO_PIC = NO;
				GCC_NO_COMMON_BLOCKS = YES;
				GCC_OPTIMIZATION_LEVEL = 0;
				GCC_PREPROCESSOR_DEFINITIONS = (
					"DEBUG=1",
					"$(inherited)",
				);
				GCC_WARN_64_TO_32_BIT_CONVERSION = YES;
				GCC_WARN_ABOUT_RETURN_TYPE = YES_ERROR;
				GCC_WARN_UNDECLARED_SELECTOR = YES;
				GCC_WARN_UNINITIALIZED_AUTOS = YES_AGGRESSIVE;
				GCC_WARN_UNUSED_FUNCTION = YES;
				GCC_WARN_UNUSED_VARIABLE = YES;
				IPHONEOS_DEPLOYMENT_TARGET = 11.4;
				MTL_ENABLE_DEBUG_INFO = YES;
				ONLY_ACTIVE_ARCH = YES;
				SDKROOT = iphoneos;
				SWIFT_ACTIVE_COMPILATION_CONDITIONS = DEBUG;
				SWIFT_OPTIMIZATION_LEVEL = "-Onone";
			};
			name = Debug;
		};
		A03C63722141B478004D12BF /* Release */ = {
			isa = XCBuildConfiguration;
			buildSettings = {
				ALWAYS_SEARCH_USER_PATHS = NO;
				CLANG_ANALYZER_NONNULL = YES;
				CLANG_ANALYZER_NUMBER_OBJECT_CONVERSION = YES_AGGRESSIVE;
				CLANG_CXX_LANGUAGE_STANDARD = "gnu++14";
				CLANG_CXX_LIBRARY = "libc++";
				CLANG_ENABLE_MODULES = YES;
				CLANG_ENABLE_OBJC_ARC = YES;
				CLANG_ENABLE_OBJC_WEAK = YES;
				CLANG_WARN_BLOCK_CAPTURE_AUTORELEASING = YES;
				CLANG_WARN_BOOL_CONVERSION = YES;
				CLANG_WARN_COMMA = YES;
				CLANG_WARN_CONSTANT_CONVERSION = YES;
				CLANG_WARN_DEPRECATED_OBJC_IMPLEMENTATIONS = YES;
				CLANG_WARN_DIRECT_OBJC_ISA_USAGE = YES_ERROR;
				CLANG_WARN_DOCUMENTATION_COMMENTS = YES;
				CLANG_WARN_EMPTY_BODY = YES;
				CLANG_WARN_ENUM_CONVERSION = YES;
				CLANG_WARN_INFINITE_RECURSION = YES;
				CLANG_WARN_INT_CONVERSION = YES;
				CLANG_WARN_NON_LITERAL_NULL_CONVERSION = YES;
				CLANG_WARN_OBJC_IMPLICIT_RETAIN_SELF = YES;
				CLANG_WARN_OBJC_LITERAL_CONVERSION = YES;
				CLANG_WARN_OBJC_ROOT_CLASS = YES_ERROR;
				CLANG_WARN_RANGE_LOOP_ANALYSIS = YES;
				CLANG_WARN_STRICT_PROTOTYPES = YES;
				CLANG_WARN_SUSPICIOUS_MOVE = YES;
				CLANG_WARN_UNGUARDED_AVAILABILITY = YES_AGGRESSIVE;
				CLANG_WARN_UNREACHABLE_CODE = YES;
				CLANG_WARN__DUPLICATE_METHOD_MATCH = YES;
				CODE_SIGN_IDENTITY = "iPhone Developer";
				COPY_PHASE_STRIP = NO;
				DEBUG_INFORMATION_FORMAT = "dwarf-with-dsym";
				ENABLE_NS_ASSERTIONS = NO;
				ENABLE_STRICT_OBJC_MSGSEND = YES;
				GCC_C_LANGUAGE_STANDARD = gnu11;
				GCC_NO_COMMON_BLOCKS = YES;
				GCC_WARN_64_TO_32_BIT_CONVERSION = YES;
				GCC_WARN_ABOUT_RETURN_TYPE = YES_ERROR;
				GCC_WARN_UNDECLARED_SELECTOR = YES;
				GCC_WARN_UNINITIALIZED_AUTOS = YES_AGGRESSIVE;
				GCC_WARN_UNUSED_FUNCTION = YES;
				GCC_WARN_UNUSED_VARIABLE = YES;
				IPHONEOS_DEPLOYMENT_TARGET = 11.4;
				MTL_ENABLE_DEBUG_INFO = NO;
				SDKROOT = iphoneos;
				SWIFT_COMPILATION_MODE = wholemodule;
				SWIFT_OPTIMIZATION_LEVEL = "-O";
				VALIDATE_PRODUCT = YES;
			};
			name = Release;
		};
		A03C63742141B478004D12BF /* Debug */ = {
			isa = XCBuildConfiguration;
			baseConfigurationReference = 726CE02A3CC620C708DBD0E6 /* Pods-TestArchitecture.debug.xcconfig */;
			buildSettings = {
				ASSETCATALOG_COMPILER_APPICON_NAME = AppIcon;
				CODE_SIGN_STYLE = Automatic;
				DEVELOPMENT_TEAM = GPVH28GG73;
				INFOPLIST_FILE = TestArchitecture/Info.plist;
				LD_RUNPATH_SEARCH_PATHS = (
					"$(inherited)",
					"@executable_path/Frameworks",
				);
				PRODUCT_BUNDLE_IDENTIFIER = lgoyes.TestArchitecture;
				PRODUCT_NAME = "$(TARGET_NAME)";
				SWIFT_VERSION = 4.0;
				TARGETED_DEVICE_FAMILY = "1,2";
			};
			name = Debug;
		};
		A03C63752141B478004D12BF /* Release */ = {
			isa = XCBuildConfiguration;
			baseConfigurationReference = DFC01E879978087628A534AA /* Pods-TestArchitecture.release.xcconfig */;
			buildSettings = {
				ASSETCATALOG_COMPILER_APPICON_NAME = AppIcon;
				CODE_SIGN_STYLE = Automatic;
				DEVELOPMENT_TEAM = GPVH28GG73;
				INFOPLIST_FILE = TestArchitecture/Info.plist;
				LD_RUNPATH_SEARCH_PATHS = (
					"$(inherited)",
					"@executable_path/Frameworks",
				);
				PRODUCT_BUNDLE_IDENTIFIER = lgoyes.TestArchitecture;
				PRODUCT_NAME = "$(TARGET_NAME)";
				SWIFT_VERSION = 4.0;
				TARGETED_DEVICE_FAMILY = "1,2";
			};
			name = Release;
		};
		A03C63772141B478004D12BF /* Debug */ = {
			isa = XCBuildConfiguration;
			buildSettings = {
				ALWAYS_EMBED_SWIFT_STANDARD_LIBRARIES = YES;
				BUNDLE_LOADER = "$(TEST_HOST)";
				CODE_SIGN_STYLE = Automatic;
				DEVELOPMENT_TEAM = GPVH28GG73;
				INFOPLIST_FILE = TestArchitectureTests/Info.plist;
				LD_RUNPATH_SEARCH_PATHS = (
					"$(inherited)",
					"@executable_path/Frameworks",
					"@loader_path/Frameworks",
				);
				PRODUCT_BUNDLE_IDENTIFIER = lgoyes.TestArchitectureTests;
				PRODUCT_NAME = "$(TARGET_NAME)";
				SWIFT_VERSION = 4.0;
				TARGETED_DEVICE_FAMILY = "1,2";
				TEST_HOST = "$(BUILT_PRODUCTS_DIR)/TestArchitecture.app/TestArchitecture";
			};
			name = Debug;
		};
		A03C63782141B478004D12BF /* Release */ = {
			isa = XCBuildConfiguration;
			buildSettings = {
				ALWAYS_EMBED_SWIFT_STANDARD_LIBRARIES = YES;
				BUNDLE_LOADER = "$(TEST_HOST)";
				CODE_SIGN_STYLE = Automatic;
				DEVELOPMENT_TEAM = GPVH28GG73;
				INFOPLIST_FILE = TestArchitectureTests/Info.plist;
				LD_RUNPATH_SEARCH_PATHS = (
					"$(inherited)",
					"@executable_path/Frameworks",
					"@loader_path/Frameworks",
				);
				PRODUCT_BUNDLE_IDENTIFIER = lgoyes.TestArchitectureTests;
				PRODUCT_NAME = "$(TARGET_NAME)";
				SWIFT_VERSION = 4.0;
				TARGETED_DEVICE_FAMILY = "1,2";
				TEST_HOST = "$(BUILT_PRODUCTS_DIR)/TestArchitecture.app/TestArchitecture";
			};
			name = Release;
		};
		A03C637A2141B478004D12BF /* Debug */ = {
			isa = XCBuildConfiguration;
			buildSettings = {
				ALWAYS_EMBED_SWIFT_STANDARD_LIBRARIES = YES;
				CODE_SIGN_STYLE = Automatic;
				DEVELOPMENT_TEAM = GPVH28GG73;
				INFOPLIST_FILE = TestArchitectureUITests/Info.plist;
				LD_RUNPATH_SEARCH_PATHS = (
					"$(inherited)",
					"@executable_path/Frameworks",
					"@loader_path/Frameworks",
				);
				PRODUCT_BUNDLE_IDENTIFIER = lgoyes.TestArchitectureUITests;
				PRODUCT_NAME = "$(TARGET_NAME)";
				SWIFT_VERSION = 4.0;
				TARGETED_DEVICE_FAMILY = "1,2";
				TEST_TARGET_NAME = TestArchitecture;
			};
			name = Debug;
		};
		A03C637B2141B478004D12BF /* Release */ = {
			isa = XCBuildConfiguration;
			buildSettings = {
				ALWAYS_EMBED_SWIFT_STANDARD_LIBRARIES = YES;
				CODE_SIGN_STYLE = Automatic;
				DEVELOPMENT_TEAM = GPVH28GG73;
				INFOPLIST_FILE = TestArchitectureUITests/Info.plist;
				LD_RUNPATH_SEARCH_PATHS = (
					"$(inherited)",
					"@executable_path/Frameworks",
					"@loader_path/Frameworks",
				);
				PRODUCT_BUNDLE_IDENTIFIER = lgoyes.TestArchitectureUITests;
				PRODUCT_NAME = "$(TARGET_NAME)";
				SWIFT_VERSION = 4.0;
				TARGETED_DEVICE_FAMILY = "1,2";
				TEST_TARGET_NAME = TestArchitecture;
			};
			name = Release;
		};
/* End XCBuildConfiguration section */

/* Begin XCConfigurationList section */
		A03C63462141B477004D12BF /* Build configuration list for PBXProject "TestArchitecture" */ = {
			isa = XCConfigurationList;
			buildConfigurations = (
				A03C63712141B478004D12BF /* Debug */,
				A03C63722141B478004D12BF /* Release */,
			);
			defaultConfigurationIsVisible = 0;
			defaultConfigurationName = Release;
		};
		A03C63732141B478004D12BF /* Build configuration list for PBXNativeTarget "TestArchitecture" */ = {
			isa = XCConfigurationList;
			buildConfigurations = (
				A03C63742141B478004D12BF /* Debug */,
				A03C63752141B478004D12BF /* Release */,
			);
			defaultConfigurationIsVisible = 0;
			defaultConfigurationName = Release;
		};
		A03C63762141B478004D12BF /* Build configuration list for PBXNativeTarget "TestArchitectureTests" */ = {
			isa = XCConfigurationList;
			buildConfigurations = (
				A03C63772141B478004D12BF /* Debug */,
				A03C63782141B478004D12BF /* Release */,
			);
			defaultConfigurationIsVisible = 0;
			defaultConfigurationName = Release;
		};
		A03C63792141B478004D12BF /* Build configuration list for PBXNativeTarget "TestArchitectureUITests" */ = {
			isa = XCConfigurationList;
			buildConfigurations = (
				A03C637A2141B478004D12BF /* Debug */,
				A03C637B2141B478004D12BF /* Release */,
			);
			defaultConfigurationIsVisible = 0;
			defaultConfigurationName = Release;
		};
/* End XCConfigurationList section */
	};
	rootObject = A03C63432141B477004D12BF /* Project object */;
}
